# THIS IS AN AUTOGENERATED FILE. DO NOT EDIT THIS FILE DIRECTLY.
# yarn lockfile v1


picomatch@^1.2.0:
  version "1.2.0"
  resolved "https://registry.yarnpkg.com/picomatch/-/picomatch-1.2.0.tgz#ac60ec8b6ff5953a505de2fd5b2b0a1e1d7287e0"
  integrity sha512-cMSUWLsIT8VCmIPlM87m5OASGmDnYJR2fEUIpOnuArPQY5p7kWfJ47wZtIOYHT8GJHo9B/QRr4m5mbsIXxZkMg==
